
Microsoft Visual Studio Solution File, Format Version 12.00
# Visual Studio Version 16
VisualStudioVersion = 16.0.31005.135
MinimumVisualStudioVersion = 10.0.40219.1
Project("{9A19103F-16F7-4668-BE54-9A1E7A4F7556}") = "OpenCollections.Bench", "OpenCollections.Bench\OpenCollections.Bench.csproj", "{F5160F44-3D2E-4D22-91E6-27217909E7D9}"
EndProject
Project("{9A19103F-16F7-4668-BE54-9A1E7A4F7556}") = "OpenCollections", "..\OpenCollections1\OpenCollections.csproj", "{B1153B5A-FC93-419A-BF4C-2B9712DCD9A2}"
EndProject
Project("{9A19103F-16F7-4668-BE54-9A1E7A4F7556}") = "OpenCollections.Test", "..\..\..\Users\user\source\OpenCollections\OpenCollections.Test\OpenCollections.Test.csproj", "{691F81AF-7A7E-4137-BD44-0A4A0FFF1811}"
EndProject
Project("{2150E333-8FDC-42A3-9474-1A3956D46DE8}") = "Solution Items", "Solution Items", "{DCFEA16D-1098-4076-95E5-7A60AC19949D}"
	ProjectSection(SolutionItems) = preProject
		.editorconfig = .editorconfig
	EndProjectSection
EndProject
Global
	GlobalSection(SolutionConfigurationPlatforms) = preSolution
		Debug|Any CPU = Debug|Any CPU
		Release|Any CPU = Release|Any CPU
	EndGlobalSection
	GlobalSection(ProjectConfigurationPlatforms) = postSolution
		{F5160F44-3D2E-4D22-91E6-27217909E7D9}.Debug|Any CPU.ActiveCfg = Debug|Any CPU
		{F5160F44-3D2E-4D22-91E6-27217909E7D9}.Debug|Any CPU.Build.0 = Debug|Any CPU
		{F5160F44-3D2E-4D22-91E6-27217909E7D9}.Release|Any CPU.ActiveCfg = Release|Any CPU
		{F5160F44-3D2E-4D22-91E6-27217909E7D9}.Release|Any CPU.Build.0 = Release|Any CPU
		{B1153B5A-FC93-419A-BF4C-2B9712DCD9A2}.Debug|Any CPU.ActiveCfg = Debug|Any CPU
		{B1153B5A-FC93-419A-BF4C-2B9712DCD9A2}.Debug|Any CPU.Build.0 = Debug|Any CPU
		{B1153B5A-FC93-419A-BF4C-2B9712DCD9A2}.Release|Any CPU.ActiveCfg = Release|Any CPU
		{B1153B5A-FC93-419A-BF4C-2B9712DCD9A2}.Release|Any CPU.Build.0 = Release|Any CPU
		{691F81AF-7A7E-4137-BD44-0A4A0FFF1811}.Debug|Any CPU.ActiveCfg = Debug|Any CPU
		{691F81AF-7A7E-4137-BD44-0A4A0FFF1811}.Debug|Any CPU.Build.0 = Debug|Any CPU
		{691F81AF-7A7E-4137-BD44-0A4A0FFF1811}.Release|Any CPU.ActiveCfg = Release|Any CPU
		{691F81AF-7A7E-4137-BD44-0A4A0FFF1811}.Release|Any CPU.Build.0 = Release|Any CPU
	EndGlobalSection
	GlobalSection(SolutionProperties) = preSolution
		HideSolutionNode = FALSE
	EndGlobalSection
	GlobalSection(ExtensibilityGlobals) = postSolution
		SolutionGuid = {30F3AF21-A7D5-4A83-A729-A6D49A98F356}
	EndGlobalSection
EndGlobal
