
Microsoft Visual Studio Solution File, Format Version 12.00
# Visual Studio Version 16
VisualStudioVersion = 16.0.31005.135
MinimumVisualStudioVersion = 10.0.40219.1
Project("{FAE04EC0-301F-11D3-BF4B-00C04F79EFBC}") = "OpenCollections", "OpenCollections.csproj", "{AD95EE3E-C710-4241-AF94-24B01F2906F1}"
EndProject
Project("{FAE04EC0-301F-11D3-BF4B-00C04F79EFBC}") = "OpenCollections.UI", "..\OpenCollections.UI\OpenCollections.UI.csproj", "{9F84E165-638C-4E1E-93B3-DDC8127E0434}"
EndProject
Project("{9A19103F-16F7-4668-BE54-9A1E7A4F7556}") = "OpenCollections.Bench", "OpenCollections.Bench\OpenCollections.Bench.csproj", "{F5160F44-3D2E-4D22-91E6-27217909E7D9}"
EndProject
Project("{FAE04EC0-301F-11D3-BF4B-00C04F79EFBC}") = "OpenCollections.Test", "OpenCollections.Test\OpenCollections.Test.csproj", "{FEDD5625-3A76-4F77-A6E3-2A9BFA17DFB0}"
EndProject
Project("{2150E333-8FDC-42A3-9474-1A3956D46DE8}") = "Solution Items", "Solution Items", "{6D1ED775-9E41-43A9-AE4E-437498A36217}"
	ProjectSection(SolutionItems) = preProject
		Coverage.bat = Coverage.bat
		coverage.xml = coverage.xml
	EndProjectSection
EndProject
Global
	GlobalSection(SolutionConfigurationPlatforms) = preSolution
		Debug|Any CPU = Debug|Any CPU
		Release|Any CPU = Release|Any CPU
	EndGlobalSection
	GlobalSection(ProjectConfigurationPlatforms) = postSolution
		{AD95EE3E-C710-4241-AF94-24B01F2906F1}.Debug|Any CPU.ActiveCfg = Debug|Any CPU
		{AD95EE3E-C710-4241-AF94-24B01F2906F1}.Debug|Any CPU.Build.0 = Debug|Any CPU
		{AD95EE3E-C710-4241-AF94-24B01F2906F1}.Release|Any CPU.ActiveCfg = Release|Any CPU
		{AD95EE3E-C710-4241-AF94-24B01F2906F1}.Release|Any CPU.Build.0 = Release|Any CPU
		{9F84E165-638C-4E1E-93B3-DDC8127E0434}.Debug|Any CPU.ActiveCfg = Debug|Any CPU
		{9F84E165-638C-4E1E-93B3-DDC8127E0434}.Release|Any CPU.ActiveCfg = Release|Any CPU
		{F5160F44-3D2E-4D22-91E6-27217909E7D9}.Debug|Any CPU.ActiveCfg = Debug|Any CPU
		{F5160F44-3D2E-4D22-91E6-27217909E7D9}.Release|Any CPU.ActiveCfg = Release|Any CPU
		{FEDD5625-3A76-4F77-A6E3-2A9BFA17DFB0}.Debug|Any CPU.ActiveCfg = Debug|Any CPU
		{FEDD5625-3A76-4F77-A6E3-2A9BFA17DFB0}.Release|Any CPU.ActiveCfg = Release|Any CPU
	EndGlobalSection
	GlobalSection(SolutionProperties) = preSolution
		HideSolutionNode = FALSE
	EndGlobalSection
	GlobalSection(ExtensibilityGlobals) = postSolution
		SolutionGuid = {30F3AF21-A7D5-4A83-A729-A6D49A98F356}
	EndGlobalSection
EndGlobal
