
Microsoft Visual Studio Solution File, Format Version 12.00
# Visual Studio Version 16
VisualStudioVersion = 16.0.31005.135
MinimumVisualStudioVersion = 10.0.40219.1
Project("{FAE04EC0-301F-11D3-BF4B-00C04F79EFBC}") = "OpenCollections", "OpenCollections.csproj", "{AD95EE3E-C710-4241-AF94-24B01F2906F1}"
EndProject
Project("{FAE04EC0-301F-11D3-BF4B-00C04F79EFBC}") = "OpenCollection.Tests", "..\OpenCollection.Tests\OpenCollection.Tests.csproj", "{63108552-C6F6-4DED-8479-F31F5C3D3AB3}"
EndProject
Project("{FAE04EC0-301F-11D3-BF4B-00C04F79EFBC}") = "OpenCollections.Benchmark", "..\OpenCollections.Benchmark\OpenCollections.Benchmark.csproj", "{B060FCD0-99B4-45C2-AEB8-54BF5644FD84}"
EndProject
Project("{FAE04EC0-301F-11D3-BF4B-00C04F79EFBC}") = "OpenCollections.UI", "..\OpenCollections.UI\OpenCollections.UI.csproj", "{9F84E165-638C-4E1E-93B3-DDC8127E0434}"
EndProject
Global
	GlobalSection(SolutionConfigurationPlatforms) = preSolution
		Debug|Any CPU = Debug|Any CPU
		Release|Any CPU = Release|Any CPU
	EndGlobalSection
	GlobalSection(ProjectConfigurationPlatforms) = postSolution
		{AD95EE3E-C710-4241-AF94-24B01F2906F1}.Debug|Any CPU.ActiveCfg = Release|Any CPU
		{AD95EE3E-C710-4241-AF94-24B01F2906F1}.Debug|Any CPU.Build.0 = Release|Any CPU
		{AD95EE3E-C710-4241-AF94-24B01F2906F1}.Release|Any CPU.ActiveCfg = Release|Any CPU
		{AD95EE3E-C710-4241-AF94-24B01F2906F1}.Release|Any CPU.Build.0 = Release|Any CPU
		{63108552-C6F6-4DED-8479-F31F5C3D3AB3}.Debug|Any CPU.ActiveCfg = Debug|Any CPU
		{63108552-C6F6-4DED-8479-F31F5C3D3AB3}.Debug|Any CPU.Build.0 = Debug|Any CPU
		{63108552-C6F6-4DED-8479-F31F5C3D3AB3}.Release|Any CPU.ActiveCfg = Debug|Any CPU
		{63108552-C6F6-4DED-8479-F31F5C3D3AB3}.Release|Any CPU.Build.0 = Debug|Any CPU
		{B060FCD0-99B4-45C2-AEB8-54BF5644FD84}.Debug|Any CPU.ActiveCfg = Debug|Any CPU
		{B060FCD0-99B4-45C2-AEB8-54BF5644FD84}.Debug|Any CPU.Build.0 = Debug|Any CPU
		{B060FCD0-99B4-45C2-AEB8-54BF5644FD84}.Release|Any CPU.ActiveCfg = Debug|Any CPU
		{B060FCD0-99B4-45C2-AEB8-54BF5644FD84}.Release|Any CPU.Build.0 = Debug|Any CPU
		{9F84E165-638C-4E1E-93B3-DDC8127E0434}.Debug|Any CPU.ActiveCfg = Debug|Any CPU
		{9F84E165-638C-4E1E-93B3-DDC8127E0434}.Debug|Any CPU.Build.0 = Debug|Any CPU
		{9F84E165-638C-4E1E-93B3-DDC8127E0434}.Release|Any CPU.ActiveCfg = Debug|Any CPU
		{9F84E165-638C-4E1E-93B3-DDC8127E0434}.Release|Any CPU.Build.0 = Debug|Any CPU
	EndGlobalSection
	GlobalSection(SolutionProperties) = preSolution
		HideSolutionNode = FALSE
	EndGlobalSection
	GlobalSection(ExtensibilityGlobals) = postSolution
		SolutionGuid = {30F3AF21-A7D5-4A83-A729-A6D49A98F356}
	EndGlobalSection
EndGlobal
